
Microsoft Visual Studio Solution File, Format Version 12.00
# Visual Studio Version 17
VisualStudioVersion = 17.10.34928.147
MinimumVisualStudioVersion = 10.0.40219.1
Project("{FAE04EC0-301F-11D3-BF4B-00C04F79EFBC}") = "StudentCRUD.Web", "StudentCRUD.Web\StudentCRUD.Web.csproj", "{96234DD2-135A-4151-85BF-F299492B9E93}"
EndProject
Global
	GlobalSection(SolutionConfigurationPlatforms) = preSolution
		Debug|Any CPU = Debug|Any CPU
		Release|Any CPU = Release|Any CPU
	EndGlobalSection
	GlobalSection(ProjectConfigurationPlatforms) = postSolution
		{96234DD2-135A-4151-85BF-F299492B9E93}.Debug|Any CPU.ActiveCfg = Debug|Any CPU
		{96234DD2-135A-4151-85BF-F299492B9E93}.Debug|Any CPU.Build.0 = Debug|Any CPU
		{96234DD2-135A-4151-85BF-F299492B9E93}.Release|Any CPU.ActiveCfg = Release|Any CPU
		{96234DD2-135A-4151-85BF-F299492B9E93}.Release|Any CPU.Build.0 = Release|Any CPU
	EndGlobalSection
	GlobalSection(SolutionProperties) = preSolution
		HideSolutionNode = FALSE
	EndGlobalSection
	GlobalSection(ExtensibilityGlobals) = postSolution
		SolutionGuid = {82CB4C1B-E33A-4EA7-A272-90F5CB232817}
	EndGlobalSection
EndGlobal
